<?xml version="1.0" encoding="utf-8"?>
<Project ToolsVersion="4.0" xmlns="http://schemas.microsoft.com/developer/msbuild/2003">
  <ItemGroup>
    <Filter Include="ソース ファイル">
      <UniqueIdentifier>{4FC737F1-C7A5-4376-A066-2A32D752A2FF}</UniqueIdentifier>
      <Extensions>cpp;c;cc;cxx;def;odl;idl;hpj;bat;asm;asmx</Extensions>
    </Filter>
    <Filter Include="ヘッダー ファイル">
      <UniqueIdentifier>{93995380-89BD-4b04-88EB-625FBE52EBFB}</UniqueIdentifier>
      <Extensions>h;hh;hpp;hxx;hm;inl;inc;ipp;xsd</Extensions>
    </Filter>
    <Filter Include="リソース ファイル">
      <UniqueIdentifier>{67DA6AB6-F800-4c08-8B7A-83BB121AAD01}</UniqueIdentifier>
      <Extensions>rc;ico;cur;bmp;dlg;rc2;rct;bin;rgs;gif;jpg;jpeg;jpe;resx;tiff;tif;png;wav;mfcribbon-ms</Extensions>
    </Filter>
    <Filter Include="ソース ファイル\Scene">
      <UniqueIdentifier>{197b2724-e2f8-4985-b19b-a80a6fae97ee}</UniqueIdentifier>
    </Filter>
    <Filter Include="ソース ファイル\Mng">
      <UniqueIdentifier>{1a77bd7c-cefa-4d48-9d7b-6edc5d4a63ee}</UniqueIdentifier>
    </Filter>
    <Filter Include="ヘッダー ファイル\Scene">
      <UniqueIdentifier>{35371298-f562-4d6e-94f6-8f76156ba1e3}</UniqueIdentifier>
    </Filter>
    <Filter Include="ヘッダー ファイル\Mng">
      <UniqueIdentifier>{70f49a80-1f2a-4e37-876c-4a22377bfb57}</UniqueIdentifier>
    </Filter>
    <Filter Include="ヘッダー ファイル\Obj">
      <UniqueIdentifier>{e4de91f5-6005-453d-9c4b-a8cd807ba45b}</UniqueIdentifier>
    </Filter>
    <Filter Include="ソース ファイル\Ctl">
      <UniqueIdentifier>{4eabd267-7c31-4539-a281-7090cb699bff}</UniqueIdentifier>
    </Filter>
    <Filter Include="ヘッダー ファイル\Ctl">
      <UniqueIdentifier>{e2996291-d3b7-4f43-92cb-1eec17493f7a}</UniqueIdentifier>
    </Filter>
  </ItemGroup>
  <ItemGroup>
    <ClCompile Include="main.cpp">
      <Filter>ソース ファイル</Filter>
    </ClCompile>
    <ClCompile Include="VECTOR2.cpp">
      <Filter>ソース ファイル</Filter>
    </ClCompile>
    <ClCompile Include="Player.cpp">
      <Filter>ソース ファイル</Filter>
    </ClCompile>
    <ClCompile Include="BaseScene.cpp">
      <Filter>ソース ファイル\Scene</Filter>
    </ClCompile>
    <ClCompile Include="GameScene.cpp">
      <Filter>ソース ファイル\Scene</Filter>
    </ClCompile>
    <ClCompile Include="SceneMng.cpp">
      <Filter>ソース ファイル\Mng</Filter>
    </ClCompile>
    <ClCompile Include="ImageMng.cpp">
      <Filter>ソース ファイル\Mng</Filter>
    </ClCompile>
    <ClCompile Include="Obj.cpp">
      <Filter>ソース ファイル</Filter>
    </ClCompile>
    <ClCompile Include="GameCtl.cpp">
      <Filter>ソース ファイル\Ctl</Filter>
    </ClCompile>
    <ClCompile Include="MapControl.cpp">
      <Filter>ソース ファイル\Ctl</Filter>
    </ClCompile>
    <ClCompile Include="TitleScene.cpp">
      <Filter>ソース ファイル\Scene</Filter>
    </ClCompile>
    <ClCompile Include="EditCursor.cpp">
      <Filter>ソース ファイル</Filter>
    </ClCompile>
  </ItemGroup>
  <ItemGroup>
    <ClInclude Include="VECTOR2.h">
      <Filter>ヘッダー ファイル</Filter>
    </ClInclude>
    <ClInclude Include="Player.h">
      <Filter>ヘッダー ファイル</Filter>
    </ClInclude>
    <ClInclude Include="BaseScene.h">
      <Filter>ヘッダー ファイル\Scene</Filter>
    </ClInclude>
    <ClInclude Include="GameScene.h">
      <Filter>ヘッダー ファイル\Scene</Filter>
    </ClInclude>
    <ClInclude Include="ImageMng.h">
      <Filter>ヘッダー ファイル\Mng</Filter>
    </ClInclude>
    <ClInclude Include="SceneMng.h">
      <Filter>ヘッダー ファイル\Mng</Filter>
    </ClInclude>
    <ClInclude Include="classObj.h">
      <Filter>ヘッダー ファイル\Obj</Filter>
    </ClInclude>
    <ClInclude Include="Obj.h">
      <Filter>ヘッダー ファイル\Obj</Filter>
    </ClInclude>
    <ClInclude Include="MapControl.h">
      <Filter>ヘッダー ファイル\Ctl</Filter>
    </ClInclude>
    <ClInclude Include="GameCtl.h">
      <Filter>ヘッダー ファイル\Ctl</Filter>
    </ClInclude>
    <ClInclude Include="TitleScene.h">
      <Filter>ヘッダー ファイル\Scene</Filter>
    </ClInclude>
    <ClInclude Include="EditCursor.h">
      <Filter>ヘッダー ファイル</Filter>
    </ClInclude>
  </ItemGroup>
</Project>